// !$*UTF8*$!
{
	archiveVersion = 1;
	classes = {
	};
	objectVersion = 51;
	objects = {

/* Begin PBXBuildFile section */
		84023FA824824248009705C5 /* NewUserRegisterViewController.swift in Sources */ = {isa = PBXBuildFile; fileRef = 84023FA724824248009705C5 /* NewUserRegisterViewController.swift */; };
		84023FAA24825043009705C5 /* DatabaseHelper.swift in Sources */ = {isa = PBXBuildFile; fileRef = 84023FA924825043009705C5 /* DatabaseHelper.swift */; };
		84595A1F2480E8C200852C66 /* AppDelegate.swift in Sources */ = {isa = PBXBuildFile; fileRef = 84595A1E2480E8C200852C66 /* AppDelegate.swift */; };
		84595A212480E8C200852C66 /* SceneDelegate.swift in Sources */ = {isa = PBXBuildFile; fileRef = 84595A202480E8C200852C66 /* SceneDelegate.swift */; };
		84595A262480E8C200852C66 /* Main.storyboard in Resources */ = {isa = PBXBuildFile; fileRef = 84595A242480E8C200852C66 /* Main.storyboard */; };
		84595A292480E8C200852C66 /* tinderClone.xcdatamodeld in Sources */ = {isa = PBXBuildFile; fileRef = 84595A272480E8C200852C66 /* tinderClone.xcdatamodeld */; };
		84595A2B2480E8C400852C66 /* Assets.xcassets in Resources */ = {isa = PBXBuildFile; fileRef = 84595A2A2480E8C400852C66 /* Assets.xcassets */; };
		84595A2E2480E8C400852C66 /* LaunchScreen.storyboard in Resources */ = {isa = PBXBuildFile; fileRef = 84595A2C2480E8C400852C66 /* LaunchScreen.storyboard */; };
		84595A362480EB9E00852C66 /* LoginViewController.swift in Sources */ = {isa = PBXBuildFile; fileRef = 84595A352480EB9E00852C66 /* LoginViewController.swift */; };
		84A36AE524862F2B0035DD3E /* SwipeScreenViewController.swift in Sources */ = {isa = PBXBuildFile; fileRef = 84A36AE424862F2B0035DD3E /* SwipeScreenViewController.swift */; };
		84A36AE7248638D90035DD3E /* UsersShown.swift in Sources */ = {isa = PBXBuildFile; fileRef = 84A36AE6248638D90035DD3E /* UsersShown.swift */; };
		84BE9C6724812A3A0083DBAB /* ActualGradientButton.swift in Sources */ = {isa = PBXBuildFile; fileRef = 84BE9C6624812A3A0083DBAB /* ActualGradientButton.swift */; };
		84BE9C6B2481301C0083DBAB /* LoginWithPhoneNumberViewController.swift in Sources */ = {isa = PBXBuildFile; fileRef = 84BE9C6A2481301C0083DBAB /* LoginWithPhoneNumberViewController.swift */; };
		84BE9C6D248180600083DBAB /* PhoneNumberVerificationViewController.swift in Sources */ = {isa = PBXBuildFile; fileRef = 84BE9C6C248180600083DBAB /* PhoneNumberVerificationViewController.swift */; };
		84BE9C70248186F80083DBAB /* UIViewControllerExtension.swift in Sources */ = {isa = PBXBuildFile; fileRef = 84BE9C6F248186F80083DBAB /* UIViewControllerExtension.swift */; };
		84BF7A20248960A3000771CA /* SwipeScreenVCExtension.swift in Sources */ = {isa = PBXBuildFile; fileRef = 84BF7A1F248960A3000771CA /* SwipeScreenVCExtension.swift */; };
		84FB9E222480FBA700134B6E /* GoogleService-Info.plist in Resources */ = {isa = PBXBuildFile; fileRef = 84FB9E212480FBA700134B6E /* GoogleService-Info.plist */; };
		86DF0FD3E06B2A3FB8A39CBD /* Pods_tinderClone.framework in Frameworks */ = {isa = PBXBuildFile; fileRef = 9FC605B58301952D080151A2 /* Pods_tinderClone.framework */; };
/* End PBXBuildFile section */

/* Begin PBXFileReference section */
		81CF18A0A795A21A18CD0E2C /* Pods-tinderClone.debug.xcconfig */ = {isa = PBXFileReference; includeInIndex = 1; lastKnownFileType = text.xcconfig; name = "Pods-tinderClone.debug.xcconfig"; path = "Target Support Files/Pods-tinderClone/Pods-tinderClone.debug.xcconfig"; sourceTree = "<group>"; };
		84023FA724824248009705C5 /* NewUserRegisterViewController.swift */ = {isa = PBXFileReference; lastKnownFileType = sourcecode.swift; path = NewUserRegisterViewController.swift; sourceTree = "<group>"; };
		84023FA924825043009705C5 /* DatabaseHelper.swift */ = {isa = PBXFileReference; lastKnownFileType = sourcecode.swift; path = DatabaseHelper.swift; sourceTree = "<group>"; };
		84595A1B2480E8C200852C66 /* tinderClone.app */ = {isa = PBXFileReference; explicitFileType = wrapper.application; includeInIndex = 0; path = tinderClone.app; sourceTree = BUILT_PRODUCTS_DIR; };
		84595A1E2480E8C200852C66 /* AppDelegate.swift */ = {isa = PBXFileReference; lastKnownFileType = sourcecode.swift; path = AppDelegate.swift; sourceTree = "<group>"; };
		84595A202480E8C200852C66 /* SceneDelegate.swift */ = {isa = PBXFileReference; lastKnownFileType = sourcecode.swift; path = SceneDelegate.swift; sourceTree = "<group>"; };
		84595A252480E8C200852C66 /* Base */ = {isa = PBXFileReference; lastKnownFileType = file.storyboard; name = Base; path = Base.lproj/Main.storyboard; sourceTree = "<group>"; };
		84595A282480E8C200852C66 /* tinderClone.xcdatamodel */ = {isa = PBXFileReference; lastKnownFileType = wrapper.xcdatamodel; path = tinderClone.xcdatamodel; sourceTree = "<group>"; };
		84595A2A2480E8C400852C66 /* Assets.xcassets */ = {isa = PBXFileReference; lastKnownFileType = folder.assetcatalog; path = Assets.xcassets; sourceTree = "<group>"; };
		84595A2D2480E8C400852C66 /* Base */ = {isa = PBXFileReference; lastKnownFileType = file.storyboard; name = Base; path = Base.lproj/LaunchScreen.storyboard; sourceTree = "<group>"; };
		84595A2F2480E8C400852C66 /* Info.plist */ = {isa = PBXFileReference; lastKnownFileType = text.plist.xml; path = Info.plist; sourceTree = "<group>"; };
		84595A352480EB9E00852C66 /* LoginViewController.swift */ = {isa = PBXFileReference; lastKnownFileType = sourcecode.swift; path = LoginViewController.swift; sourceTree = "<group>"; };
		84A36AE424862F2B0035DD3E /* SwipeScreenViewController.swift */ = {isa = PBXFileReference; lastKnownFileType = sourcecode.swift; path = SwipeScreenViewController.swift; sourceTree = "<group>"; };
		84A36AE6248638D90035DD3E /* UsersShown.swift */ = {isa = PBXFileReference; lastKnownFileType = sourcecode.swift; path = UsersShown.swift; sourceTree = "<group>"; };
		84BE9C6624812A3A0083DBAB /* ActualGradientButton.swift */ = {isa = PBXFileReference; lastKnownFileType = sourcecode.swift; path = ActualGradientButton.swift; sourceTree = "<group>"; };
		84BE9C6A2481301C0083DBAB /* LoginWithPhoneNumberViewController.swift */ = {isa = PBXFileReference; lastKnownFileType = sourcecode.swift; path = LoginWithPhoneNumberViewController.swift; sourceTree = "<group>"; };
		84BE9C6C248180600083DBAB /* PhoneNumberVerificationViewController.swift */ = {isa = PBXFileReference; lastKnownFileType = sourcecode.swift; path = PhoneNumberVerificationViewController.swift; sourceTree = "<group>"; };
		84BE9C6F248186F80083DBAB /* UIViewControllerExtension.swift */ = {isa = PBXFileReference; lastKnownFileType = sourcecode.swift; path = UIViewControllerExtension.swift; sourceTree = "<group>"; };
		84BF7A1F248960A3000771CA /* SwipeScreenVCExtension.swift */ = {isa = PBXFileReference; lastKnownFileType = sourcecode.swift; path = SwipeScreenVCExtension.swift; sourceTree = "<group>"; };
		84FB9E212480FBA700134B6E /* GoogleService-Info.plist */ = {isa = PBXFileReference; fileEncoding = 4; lastKnownFileType = text.plist.xml; name = "GoogleService-Info.plist"; path = "../../../../Downloads/GoogleService-Info.plist"; sourceTree = "<group>"; };
		9A17F601CA72E3F4CF276E04 /* Pods-tinderClone.release.xcconfig */ = {isa = PBXFileReference; includeInIndex = 1; lastKnownFileType = text.xcconfig; name = "Pods-tinderClone.release.xcconfig"; path = "Target Support Files/Pods-tinderClone/Pods-tinderClone.release.xcconfig"; sourceTree = "<group>"; };
		9FC605B58301952D080151A2 /* Pods_tinderClone.framework */ = {isa = PBXFileReference; explicitFileType = wrapper.framework; includeInIndex = 0; path = Pods_tinderClone.framework; sourceTree = BUILT_PRODUCTS_DIR; };
/* End PBXFileReference section */

/* Begin PBXFrameworksBuildPhase section */
		84595A182480E8C200852C66 /* Frameworks */ = {
			isa = PBXFrameworksBuildPhase;
			buildActionMask = 2147483647;
			files = (
				86DF0FD3E06B2A3FB8A39CBD /* Pods_tinderClone.framework in Frameworks */,
			);
			runOnlyForDeploymentPostprocessing = 0;
		};
/* End PBXFrameworksBuildPhase section */

/* Begin PBXGroup section */
		84595A122480E8C200852C66 = {
			isa = PBXGroup;
			children = (
				84595A1D2480E8C200852C66 /* tinderClone */,
				84595A1C2480E8C200852C66 /* Products */,
				D566B7DA52F4FF525123B8B9 /* Pods */,
				CA19695C275EDD8293011FBC /* Frameworks */,
			);
			sourceTree = "<group>";
		};
		84595A1C2480E8C200852C66 /* Products */ = {
			isa = PBXGroup;
			children = (
				84595A1B2480E8C200852C66 /* tinderClone.app */,
			);
			name = Products;
			sourceTree = "<group>";
		};
		84595A1D2480E8C200852C66 /* tinderClone */ = {
			isa = PBXGroup;
			children = (
				84595A1E2480E8C200852C66 /* AppDelegate.swift */,
				84595A202480E8C200852C66 /* SceneDelegate.swift */,
				84595A372480EBC000852C66 /* model */,
				84595A382480EBCB00852C66 /* view */,
				84595A392480EBD100852C66 /* controller */,
				84595A2A2480E8C400852C66 /* Assets.xcassets */,
				84595A2C2480E8C400852C66 /* LaunchScreen.storyboard */,
				84FB9E212480FBA700134B6E /* GoogleService-Info.plist */,
				84595A2F2480E8C400852C66 /* Info.plist */,
				84595A272480E8C200852C66 /* tinderClone.xcdatamodeld */,
			);
			path = tinderClone;
			sourceTree = "<group>";
		};
		84595A372480EBC000852C66 /* model */ = {
			isa = PBXGroup;
			children = (
				84BE9C6624812A3A0083DBAB /* ActualGradientButton.swift */,
				84BE9C6F248186F80083DBAB /* UIViewControllerExtension.swift */,
				84023FA924825043009705C5 /* DatabaseHelper.swift */,
				84A36AE6248638D90035DD3E /* UsersShown.swift */,
				84BF7A1F248960A3000771CA /* SwipeScreenVCExtension.swift */,
			);
			path = model;
			sourceTree = "<group>";
		};
		84595A382480EBCB00852C66 /* view */ = {
			isa = PBXGroup;
			children = (
				84595A242480E8C200852C66 /* Main.storyboard */,
			);
			path = view;
			sourceTree = "<group>";
		};
		84595A392480EBD100852C66 /* controller */ = {
			isa = PBXGroup;
			children = (
				84595A352480EB9E00852C66 /* LoginViewController.swift */,
				84BE9C6A2481301C0083DBAB /* LoginWithPhoneNumberViewController.swift */,
				84BE9C6C248180600083DBAB /* PhoneNumberVerificationViewController.swift */,
				84023FA724824248009705C5 /* NewUserRegisterViewController.swift */,
				84A36AE424862F2B0035DD3E /* SwipeScreenViewController.swift */,
			);
			path = controller;
			sourceTree = "<group>";
		};
		CA19695C275EDD8293011FBC /* Frameworks */ = {
			isa = PBXGroup;
			children = (
				9FC605B58301952D080151A2 /* Pods_tinderClone.framework */,
			);
			name = Frameworks;
			sourceTree = "<group>";
		};
		D566B7DA52F4FF525123B8B9 /* Pods */ = {
			isa = PBXGroup;
			children = (
				81CF18A0A795A21A18CD0E2C /* Pods-tinderClone.debug.xcconfig */,
				9A17F601CA72E3F4CF276E04 /* Pods-tinderClone.release.xcconfig */,
			);
			path = Pods;
			sourceTree = "<group>";
		};
/* End PBXGroup section */

/* Begin PBXNativeTarget section */
		84595A1A2480E8C200852C66 /* tinderClone */ = {
			isa = PBXNativeTarget;
			buildConfigurationList = 84595A322480E8C400852C66 /* Build configuration list for PBXNativeTarget "tinderClone" */;
			buildPhases = (
				51D62B4C0FFB2A7F61B5F63D /* [CP] Check Pods Manifest.lock */,
				84595A172480E8C200852C66 /* Sources */,
				84595A182480E8C200852C66 /* Frameworks */,
				84595A192480E8C200852C66 /* Resources */,
				D2E8F17EC8812C943A034D0A /* [CP] Embed Pods Frameworks */,
			);
			buildRules = (
			);
			dependencies = (
			);
			name = tinderClone;
			productName = tinderClone;
			productReference = 84595A1B2480E8C200852C66 /* tinderClone.app */;
			productType = "com.apple.product-type.application";
		};
/* End PBXNativeTarget section */

/* Begin PBXProject section */
		84595A132480E8C200852C66 /* Project object */ = {
			isa = PBXProject;
			attributes = {
				LastSwiftUpdateCheck = 1130;
				LastUpgradeCheck = 1130;
				ORGANIZATIONNAME = "Nishant Thakur";
				TargetAttributes = {
					84595A1A2480E8C200852C66 = {
						CreatedOnToolsVersion = 11.3;
					};
				};
			};
			buildConfigurationList = 84595A162480E8C200852C66 /* Build configuration list for PBXProject "tinderClone" */;
			compatibilityVersion = "Xcode 9.3";
			developmentRegion = en;
			hasScannedForEncodings = 0;
			knownRegions = (
				en,
				Base,
			);
			mainGroup = 84595A122480E8C200852C66;
			productRefGroup = 84595A1C2480E8C200852C66 /* Products */;
			projectDirPath = "";
			projectRoot = "";
			targets = (
				84595A1A2480E8C200852C66 /* tinderClone */,
			);
		};
/* End PBXProject section */

/* Begin PBXResourcesBuildPhase section */
		84595A192480E8C200852C66 /* Resources */ = {
			isa = PBXResourcesBuildPhase;
			buildActionMask = 2147483647;
			files = (
				84595A2E2480E8C400852C66 /* LaunchScreen.storyboard in Resources */,
				84FB9E222480FBA700134B6E /* GoogleService-Info.plist in Resources */,
				84595A2B2480E8C400852C66 /* Assets.xcassets in Resources */,
				84595A262480E8C200852C66 /* Main.storyboard in Resources */,
			);
			runOnlyForDeploymentPostprocessing = 0;
		};
/* End PBXResourcesBuildPhase section */

/* Begin PBXShellScriptBuildPhase section */
		51D62B4C0FFB2A7F61B5F63D /* [CP] Check Pods Manifest.lock */ = {
			isa = PBXShellScriptBuildPhase;
			buildActionMask = 2147483647;
			files = (
			);
			inputFileListPaths = (
			);
			inputPaths = (
				"${PODS_PODFILE_DIR_PATH}/Podfile.lock",
				"${PODS_ROOT}/Manifest.lock",
			);
			name = "[CP] Check Pods Manifest.lock";
			outputFileListPaths = (
			);
			outputPaths = (
				"$(DERIVED_FILE_DIR)/Pods-tinderClone-checkManifestLockResult.txt",
			);
			runOnlyForDeploymentPostprocessing = 0;
			shellPath = /bin/sh;
			shellScript = "diff \"${PODS_PODFILE_DIR_PATH}/Podfile.lock\" \"${PODS_ROOT}/Manifest.lock\" > /dev/null\nif [ $? != 0 ] ; then\n    # print error to STDERR\n    echo \"error: The sandbox is not in sync with the Podfile.lock. Run 'pod install' or update your CocoaPods installation.\" >&2\n    exit 1\nfi\n# This output is used by Xcode 'outputs' to avoid re-running this script phase.\necho \"SUCCESS\" > \"${SCRIPT_OUTPUT_FILE_0}\"\n";
			showEnvVarsInLog = 0;
		};
		D2E8F17EC8812C943A034D0A /* [CP] Embed Pods Frameworks */ = {
			isa = PBXShellScriptBuildPhase;
			buildActionMask = 2147483647;
			files = (
			);
			inputFileListPaths = (
				"${PODS_ROOT}/Target Support Files/Pods-tinderClone/Pods-tinderClone-frameworks-${CONFIGURATION}-input-files.xcfilelist",
			);
			name = "[CP] Embed Pods Frameworks";
			outputFileListPaths = (
				"${PODS_ROOT}/Target Support Files/Pods-tinderClone/Pods-tinderClone-frameworks-${CONFIGURATION}-output-files.xcfilelist",
			);
			runOnlyForDeploymentPostprocessing = 0;
			shellPath = /bin/sh;
			shellScript = "\"${PODS_ROOT}/Target Support Files/Pods-tinderClone/Pods-tinderClone-frameworks.sh\"\n";
			showEnvVarsInLog = 0;
		};
/* End PBXShellScriptBuildPhase section */

/* Begin PBXSourcesBuildPhase section */
		84595A172480E8C200852C66 /* Sources */ = {
			isa = PBXSourcesBuildPhase;
			buildActionMask = 2147483647;
			files = (
				84595A1F2480E8C200852C66 /* AppDelegate.swift in Sources */,
				84BE9C6D248180600083DBAB /* PhoneNumberVerificationViewController.swift in Sources */,
				84595A212480E8C200852C66 /* SceneDelegate.swift in Sources */,
				84A36AE524862F2B0035DD3E /* SwipeScreenViewController.swift in Sources */,
				84A36AE7248638D90035DD3E /* UsersShown.swift in Sources */,
				84023FA824824248009705C5 /* NewUserRegisterViewController.swift in Sources */,
				84BE9C6B2481301C0083DBAB /* LoginWithPhoneNumberViewController.swift in Sources */,
				84BE9C70248186F80083DBAB /* UIViewControllerExtension.swift in Sources */,
				84023FAA24825043009705C5 /* DatabaseHelper.swift in Sources */,
				84BE9C6724812A3A0083DBAB /* ActualGradientButton.swift in Sources */,
				84BF7A20248960A3000771CA /* SwipeScreenVCExtension.swift in Sources */,
				84595A362480EB9E00852C66 /* LoginViewController.swift in Sources */,
				84595A292480E8C200852C66 /* tinderClone.xcdatamodeld in Sources */,
			);
			runOnlyForDeploymentPostprocessing = 0;
		};
/* End PBXSourcesBuildPhase section */

/* Begin PBXVariantGroup section */
		84595A242480E8C200852C66 /* Main.storyboard */ = {
			isa = PBXVariantGroup;
			children = (
				84595A252480E8C200852C66 /* Base */,
			);
			name = Main.storyboard;
			sourceTree = "<group>";
		};
		84595A2C2480E8C400852C66 /* LaunchScreen.storyboard */ = {
			isa = PBXVariantGroup;
			children = (
				84595A2D2480E8C400852C66 /* Base */,
			);
			name = LaunchScreen.storyboard;
			sourceTree = "<group>";
		};
/* End PBXVariantGroup section */

/* Begin XCBuildConfiguration section */
		84595A302480E8C400852C66 /* Debug */ = {
			isa = XCBuildConfiguration;
			buildSettings = {
				ALWAYS_SEARCH_USER_PATHS = NO;
				CLANG_ANALYZER_NONNULL = YES;
				CLANG_ANALYZER_NUMBER_OBJECT_CONVERSION = YES_AGGRESSIVE;
				CLANG_CXX_LANGUAGE_STANDARD = "gnu++14";
				CLANG_CXX_LIBRARY = "libc++";
				CLANG_ENABLE_MODULES = YES;
				CLANG_ENABLE_OBJC_ARC = YES;
				CLANG_ENABLE_OBJC_WEAK = YES;
				CLANG_WARN_BLOCK_CAPTURE_AUTORELEASING = YES;
				CLANG_WARN_BOOL_CONVERSION = YES;
				CLANG_WARN_COMMA = YES;
				CLANG_WARN_CONSTANT_CONVERSION = YES;
				CLANG_WARN_DEPRECATED_OBJC_IMPLEMENTATIONS = YES;
				CLANG_WARN_DIRECT_OBJC_ISA_USAGE = YES_ERROR;
				CLANG_WARN_DOCUMENTATION_COMMENTS = YES;
				CLANG_WARN_EMPTY_BODY = YES;
				CLANG_WARN_ENUM_CONVERSION = YES;
				CLANG_WARN_INFINITE_RECURSION = YES;
				CLANG_WARN_INT_CONVERSION = YES;
				CLANG_WARN_NON_LITERAL_NULL_CONVERSION = YES;
				CLANG_WARN_OBJC_IMPLICIT_RETAIN_SELF = YES;
				CLANG_WARN_OBJC_LITERAL_CONVERSION = YES;
				CLANG_WARN_OBJC_ROOT_CLASS = YES_ERROR;
				CLANG_WARN_RANGE_LOOP_ANALYSIS = YES;
				CLANG_WARN_STRICT_PROTOTYPES = YES;
				CLANG_WARN_SUSPICIOUS_MOVE = YES;
				CLANG_WARN_UNGUARDED_AVAILABILITY = YES_AGGRESSIVE;
				CLANG_WARN_UNREACHABLE_CODE = YES;
				CLANG_WARN__DUPLICATE_METHOD_MATCH = YES;
				COPY_PHASE_STRIP = NO;
				DEBUG_INFORMATION_FORMAT = dwarf;
				ENABLE_STRICT_OBJC_MSGSEND = YES;
				ENABLE_TESTABILITY = YES;
				GCC_C_LANGUAGE_STANDARD = gnu11;
				GCC_DYNAMIC_NO_PIC = NO;
				GCC_NO_COMMON_BLOCKS = YES;
				GCC_OPTIMIZATION_LEVEL = 0;
				GCC_PREPROCESSOR_DEFINITIONS = (
					"DEBUG=1",
					"$(inherited)",
				);
				GCC_WARN_64_TO_32_BIT_CONVERSION = YES;
				GCC_WARN_ABOUT_RETURN_TYPE = YES_ERROR;
				GCC_WARN_UNDECLARED_SELECTOR = YES;
				GCC_WARN_UNINITIALIZED_AUTOS = YES_AGGRESSIVE;
				GCC_WARN_UNUSED_FUNCTION = YES;
				GCC_WARN_UNUSED_VARIABLE = YES;
				IPHONEOS_DEPLOYMENT_TARGET = 13.2;
				MTL_ENABLE_DEBUG_INFO = INCLUDE_SOURCE;
				MTL_FAST_MATH = YES;
				ONLY_ACTIVE_ARCH = YES;
				SDKROOT = iphoneos;
				SWIFT_ACTIVE_COMPILATION_CONDITIONS = DEBUG;
				SWIFT_OPTIMIZATION_LEVEL = "-Onone";
			};
			name = Debug;
		};
		84595A312480E8C400852C66 /* Release */ = {
			isa = XCBuildConfiguration;
			buildSettings = {
				ALWAYS_SEARCH_USER_PATHS = NO;
				CLANG_ANALYZER_NONNULL = YES;
				CLANG_ANALYZER_NUMBER_OBJECT_CONVERSION = YES_AGGRESSIVE;
				CLANG_CXX_LANGUAGE_STANDARD = "gnu++14";
				CLANG_CXX_LIBRARY = "libc++";
				CLANG_ENABLE_MODULES = YES;
				CLANG_ENABLE_OBJC_ARC = YES;
				CLANG_ENABLE_OBJC_WEAK = YES;
				CLANG_WARN_BLOCK_CAPTURE_AUTORELEASING = YES;
				CLANG_WARN_BOOL_CONVERSION = YES;
				CLANG_WARN_COMMA = YES;
				CLANG_WARN_CONSTANT_CONVERSION = YES;
				CLANG_WARN_DEPRECATED_OBJC_IMPLEMENTATIONS = YES;
				CLANG_WARN_DIRECT_OBJC_ISA_USAGE = YES_ERROR;
				CLANG_WARN_DOCUMENTATION_COMMENTS = YES;
				CLANG_WARN_EMPTY_BODY = YES;
				CLANG_WARN_ENUM_CONVERSION = YES;
				CLANG_WARN_INFINITE_RECURSION = YES;
				CLANG_WARN_INT_CONVERSION = YES;
				CLANG_WARN_NON_LITERAL_NULL_CONVERSION = YES;
				CLANG_WARN_OBJC_IMPLICIT_RETAIN_SELF = YES;
				CLANG_WARN_OBJC_LITERAL_CONVERSION = YES;
				CLANG_WARN_OBJC_ROOT_CLASS = YES_ERROR;
				CLANG_WARN_RANGE_LOOP_ANALYSIS = YES;
				CLANG_WARN_STRICT_PROTOTYPES = YES;
				CLANG_WARN_SUSPICIOUS_MOVE = YES;
				CLANG_WARN_UNGUARDED_AVAILABILITY = YES_AGGRESSIVE;
				CLANG_WARN_UNREACHABLE_CODE = YES;
				CLANG_WARN__DUPLICATE_METHOD_MATCH = YES;
				COPY_PHASE_STRIP = NO;
				DEBUG_INFORMATION_FORMAT = "dwarf-with-dsym";
				ENABLE_NS_ASSERTIONS = NO;
				ENABLE_STRICT_OBJC_MSGSEND = YES;
				GCC_C_LANGUAGE_STANDARD = gnu11;
				GCC_NO_COMMON_BLOCKS = YES;
				GCC_WARN_64_TO_32_BIT_CONVERSION = YES;
				GCC_WARN_ABOUT_RETURN_TYPE = YES_ERROR;
				GCC_WARN_UNDECLARED_SELECTOR = YES;
				GCC_WARN_UNINITIALIZED_AUTOS = YES_AGGRESSIVE;
				GCC_WARN_UNUSED_FUNCTION = YES;
				GCC_WARN_UNUSED_VARIABLE = YES;
				IPHONEOS_DEPLOYMENT_TARGET = 13.2;
				MTL_ENABLE_DEBUG_INFO = NO;
				MTL_FAST_MATH = YES;
				SDKROOT = iphoneos;
				SWIFT_COMPILATION_MODE = wholemodule;
				SWIFT_OPTIMIZATION_LEVEL = "-O";
				VALIDATE_PRODUCT = YES;
			};
			name = Release;
		};
		84595A332480E8C400852C66 /* Debug */ = {
			isa = XCBuildConfiguration;
			baseConfigurationReference = 81CF18A0A795A21A18CD0E2C /* Pods-tinderClone.debug.xcconfig */;
			buildSettings = {
				ASSETCATALOG_COMPILER_APPICON_NAME = AppIcon;
				CODE_SIGN_STYLE = Automatic;
				DEVELOPMENT_TEAM = 54344XQ2GR;
				INFOPLIST_FILE = tinderClone/Info.plist;
				LD_RUNPATH_SEARCH_PATHS = (
					"$(inherited)",
					"@executable_path/Frameworks",
				);
				PRODUCT_BUNDLE_IDENTIFIER = nishant.tinderClone;
				PRODUCT_NAME = "$(TARGET_NAME)";
				SWIFT_VERSION = 5.0;
				TARGETED_DEVICE_FAMILY = "1,2";
			};
			name = Debug;
		};
		84595A342480E8C400852C66 /* Release */ = {
			isa = XCBuildConfiguration;
			baseConfigurationReference = 9A17F601CA72E3F4CF276E04 /* Pods-tinderClone.release.xcconfig */;
			buildSettings = {
				ASSETCATALOG_COMPILER_APPICON_NAME = AppIcon;
				CODE_SIGN_STYLE = Automatic;
				DEVELOPMENT_TEAM = 54344XQ2GR;
				INFOPLIST_FILE = tinderClone/Info.plist;
				LD_RUNPATH_SEARCH_PATHS = (
					"$(inherited)",
					"@executable_path/Frameworks",
				);
				PRODUCT_BUNDLE_IDENTIFIER = nishant.tinderClone;
				PRODUCT_NAME = "$(TARGET_NAME)";
				SWIFT_VERSION = 5.0;
				TARGETED_DEVICE_FAMILY = "1,2";
			};
			name = Release;
		};
/* End XCBuildConfiguration section */

/* Begin XCConfigurationList section */
		84595A162480E8C200852C66 /* Build configuration list for PBXProject "tinderClone" */ = {
			isa = XCConfigurationList;
			buildConfigurations = (
				84595A302480E8C400852C66 /* Debug */,
				84595A312480E8C400852C66 /* Release */,
			);
			defaultConfigurationIsVisible = 0;
			defaultConfigurationName = Release;
		};
		84595A322480E8C400852C66 /* Build configuration list for PBXNativeTarget "tinderClone" */ = {
			isa = XCConfigurationList;
			buildConfigurations = (
				84595A332480E8C400852C66 /* Debug */,
				84595A342480E8C400852C66 /* Release */,
			);
			defaultConfigurationIsVisible = 0;
			defaultConfigurationName = Release;
		};
/* End XCConfigurationList section */

/* Begin XCVersionGroup section */
		84595A272480E8C200852C66 /* tinderClone.xcdatamodeld */ = {
			isa = XCVersionGroup;
			children = (
				84595A282480E8C200852C66 /* tinderClone.xcdatamodel */,
			);
			currentVersion = 84595A282480E8C200852C66 /* tinderClone.xcdatamodel */;
			path = tinderClone.xcdatamodeld;
			sourceTree = "<group>";
			versionGroupType = wrapper.xcdatamodel;
		};
/* End XCVersionGroup section */
	};
	rootObject = 84595A132480E8C200852C66 /* Project object */;
}
