// !$*UTF8*$!
{
	archiveVersion = 1;
	classes = {
	};
	objectVersion = 50;
	objects = {

/* Begin PBXBuildFile section */
		84595A1F2480E8C200852C66 /* AppDelegate.swift in Sources */ = {isa = PBXBuildFile; fileRef = 84595A1E2480E8C200852C66 /* AppDelegate.swift */; };
		84595A212480E8C200852C66 /* SceneDelegate.swift in Sources */ = {isa = PBXBuildFile; fileRef = 84595A202480E8C200852C66 /* SceneDelegate.swift */; };
		84595A232480E8C200852C66 /* ViewController.swift in Sources */ = {isa = PBXBuildFile; fileRef = 84595A222480E8C200852C66 /* ViewController.swift */; };
		84595A262480E8C200852C66 /* Main.storyboard in Resources */ = {isa = PBXBuildFile; fileRef = 84595A242480E8C200852C66 /* Main.storyboard */; };
		84595A292480E8C200852C66 /* tinderClone.xcdatamodeld in Sources */ = {isa = PBXBuildFile; fileRef = 84595A272480E8C200852C66 /* tinderClone.xcdatamodeld */; };
		84595A2B2480E8C400852C66 /* Assets.xcassets in Resources */ = {isa = PBXBuildFile; fileRef = 84595A2A2480E8C400852C66 /* Assets.xcassets */; };
		84595A2E2480E8C400852C66 /* LaunchScreen.storyboard in Resources */ = {isa = PBXBuildFile; fileRef = 84595A2C2480E8C400852C66 /* LaunchScreen.storyboard */; };
/* End PBXBuildFile section */

/* Begin PBXFileReference section */
		84595A1B2480E8C200852C66 /* tinderClone.app */ = {isa = PBXFileReference; explicitFileType = wrapper.application; includeInIndex = 0; path = tinderClone.app; sourceTree = BUILT_PRODUCTS_DIR; };
		84595A1E2480E8C200852C66 /* AppDelegate.swift */ = {isa = PBXFileReference; lastKnownFileType = sourcecode.swift; path = AppDelegate.swift; sourceTree = "<group>"; };
		84595A202480E8C200852C66 /* SceneDelegate.swift */ = {isa = PBXFileReference; lastKnownFileType = sourcecode.swift; path = SceneDelegate.swift; sourceTree = "<group>"; };
		84595A222480E8C200852C66 /* ViewController.swift */ = {isa = PBXFileReference; lastKnownFileType = sourcecode.swift; path = ViewController.swift; sourceTree = "<group>"; };
		84595A252480E8C200852C66 /* Base */ = {isa = PBXFileReference; lastKnownFileType = file.storyboard; name = Base; path = Base.lproj/Main.storyboard; sourceTree = "<group>"; };
		84595A282480E8C200852C66 /* tinderClone.xcdatamodel */ = {isa = PBXFileReference; lastKnownFileType = wrapper.xcdatamodel; path = tinderClone.xcdatamodel; sourceTree = "<group>"; };
		84595A2A2480E8C400852C66 /* Assets.xcassets */ = {isa = PBXFileReference; lastKnownFileType = folder.assetcatalog; path = Assets.xcassets; sourceTree = "<group>"; };
		84595A2D2480E8C400852C66 /* Base */ = {isa = PBXFileReference; lastKnownFileType = file.storyboard; name = Base; path = Base.lproj/LaunchScreen.storyboard; sourceTree = "<group>"; };
		84595A2F2480E8C400852C66 /* Info.plist */ = {isa = PBXFileReference; lastKnownFileType = text.plist.xml; path = Info.plist; sourceTree = "<group>"; };
/* End PBXFileReference section */

/* Begin PBXFrameworksBuildPhase section */
		84595A182480E8C200852C66 /* Frameworks */ = {
			isa = PBXFrameworksBuildPhase;
			buildActionMask = 2147483647;
			files = (
			);
			runOnlyForDeploymentPostprocessing = 0;
		};
/* End PBXFrameworksBuildPhase section */

/* Begin PBXGroup section */
		84595A122480E8C200852C66 = {
			isa = PBXGroup;
			children = (
				84595A1D2480E8C200852C66 /* tinderClone */,
				84595A1C2480E8C200852C66 /* Products */,
			);
			sourceTree = "<group>";
		};
		84595A1C2480E8C200852C66 /* Products */ = {
			isa = PBXGroup;
			children = (
				84595A1B2480E8C200852C66 /* tinderClone.app */,
			);
			name = Products;
			sourceTree = "<group>";
		};
		84595A1D2480E8C200852C66 /* tinderClone */ = {
			isa = PBXGroup;
			children = (
				84595A1E2480E8C200852C66 /* AppDelegate.swift */,
				84595A202480E8C200852C66 /* SceneDelegate.swift */,
				84595A222480E8C200852C66 /* ViewController.swift */,
				84595A242480E8C200852C66 /* Main.storyboard */,
				84595A2A2480E8C400852C66 /* Assets.xcassets */,
				84595A2C2480E8C400852C66 /* LaunchScreen.storyboard */,
				84595A2F2480E8C400852C66 /* Info.plist */,
				84595A272480E8C200852C66 /* tinderClone.xcdatamodeld */,
			);
			path = tinderClone;
			sourceTree = "<group>";
		};
/* End PBXGroup section */

/* Begin PBXNativeTarget section */
		84595A1A2480E8C200852C66 /* tinderClone */ = {
			isa = PBXNativeTarget;
			buildConfigurationList = 84595A322480E8C400852C66 /* Build configuration list for PBXNativeTarget "tinderClone" */;
			buildPhases = (
				84595A172480E8C200852C66 /* Sources */,
				84595A182480E8C200852C66 /* Frameworks */,
				84595A192480E8C200852C66 /* Resources */,
			);
			buildRules = (
			);
			dependencies = (
			);
			name = tinderClone;
			productName = tinderClone;
			productReference = 84595A1B2480E8C200852C66 /* tinderClone.app */;
			productType = "com.apple.product-type.application";
		};
/* End PBXNativeTarget section */

/* Begin PBXProject section */
		84595A132480E8C200852C66 /* Project object */ = {
			isa = PBXProject;
			attributes = {
				LastSwiftUpdateCheck = 1130;
				LastUpgradeCheck = 1130;
				ORGANIZATIONNAME = "Nishant Thakur";
				TargetAttributes = {
					84595A1A2480E8C200852C66 = {
						CreatedOnToolsVersion = 11.3;
					};
				};
			};
			buildConfigurationList = 84595A162480E8C200852C66 /* Build configuration list for PBXProject "tinderClone" */;
			compatibilityVersion = "Xcode 9.3";
			developmentRegion = en;
			hasScannedForEncodings = 0;
			knownRegions = (
				en,
				Base,
			);
			mainGroup = 84595A122480E8C200852C66;
			productRefGroup = 84595A1C2480E8C200852C66 /* Products */;
			projectDirPath = "";
			projectRoot = "";
			targets = (
				84595A1A2480E8C200852C66 /* tinderClone */,
			);
		};
/* End PBXProject section */

/* Begin PBXResourcesBuildPhase section */
		84595A192480E8C200852C66 /* Resources */ = {
			isa = PBXResourcesBuildPhase;
			buildActionMask = 2147483647;
			files = (
				84595A2E2480E8C400852C66 /* LaunchScreen.storyboard in Resources */,
				84595A2B2480E8C400852C66 /* Assets.xcassets in Resources */,
				84595A262480E8C200852C66 /* Main.storyboard in Resources */,
			);
			runOnlyForDeploymentPostprocessing = 0;
		};
/* End PBXResourcesBuildPhase section */

/* Begin PBXSourcesBuildPhase section */
		84595A172480E8C200852C66 /* Sources */ = {
			isa = PBXSourcesBuildPhase;
			buildActionMask = 2147483647;
			files = (
				84595A232480E8C200852C66 /* ViewController.swift in Sources */,
				84595A1F2480E8C200852C66 /* AppDelegate.swift in Sources */,
				84595A212480E8C200852C66 /* SceneDelegate.swift in Sources */,
				84595A292480E8C200852C66 /* tinderClone.xcdatamodeld in Sources */,
			);
			runOnlyForDeploymentPostprocessing = 0;
		};
/* End PBXSourcesBuildPhase section */

/* Begin PBXVariantGroup section */
		84595A242480E8C200852C66 /* Main.storyboard */ = {
			isa = PBXVariantGroup;
			children = (
				84595A252480E8C200852C66 /* Base */,
			);
			name = Main.storyboard;
			sourceTree = "<group>";
		};
		84595A2C2480E8C400852C66 /* LaunchScreen.storyboard */ = {
			isa = PBXVariantGroup;
			children = (
				84595A2D2480E8C400852C66 /* Base */,
			);
			name = LaunchScreen.storyboard;
			sourceTree = "<group>";
		};
/* End PBXVariantGroup section */

/* Begin XCBuildConfiguration section */
		84595A302480E8C400852C66 /* Debug */ = {
			isa = XCBuildConfiguration;
			buildSettings = {
				ALWAYS_SEARCH_USER_PATHS = NO;
				CLANG_ANALYZER_NONNULL = YES;
				CLANG_ANALYZER_NUMBER_OBJECT_CONVERSION = YES_AGGRESSIVE;
				CLANG_CXX_LANGUAGE_STANDARD = "gnu++14";
				CLANG_CXX_LIBRARY = "libc++";
				CLANG_ENABLE_MODULES = YES;
				CLANG_ENABLE_OBJC_ARC = YES;
				CLANG_ENABLE_OBJC_WEAK = YES;
				CLANG_WARN_BLOCK_CAPTURE_AUTORELEASING = YES;
				CLANG_WARN_BOOL_CONVERSION = YES;
				CLANG_WARN_COMMA = YES;
				CLANG_WARN_CONSTANT_CONVERSION = YES;
				CLANG_WARN_DEPRECATED_OBJC_IMPLEMENTATIONS = YES;
				CLANG_WARN_DIRECT_OBJC_ISA_USAGE = YES_ERROR;
				CLANG_WARN_DOCUMENTATION_COMMENTS = YES;
				CLANG_WARN_EMPTY_BODY = YES;
				CLANG_WARN_ENUM_CONVERSION = YES;
				CLANG_WARN_INFINITE_RECURSION = YES;
				CLANG_WARN_INT_CONVERSION = YES;
				CLANG_WARN_NON_LITERAL_NULL_CONVERSION = YES;
				CLANG_WARN_OBJC_IMPLICIT_RETAIN_SELF = YES;
				CLANG_WARN_OBJC_LITERAL_CONVERSION = YES;
				CLANG_WARN_OBJC_ROOT_CLASS = YES_ERROR;
				CLANG_WARN_RANGE_LOOP_ANALYSIS = YES;
				CLANG_WARN_STRICT_PROTOTYPES = YES;
				CLANG_WARN_SUSPICIOUS_MOVE = YES;
				CLANG_WARN_UNGUARDED_AVAILABILITY = YES_AGGRESSIVE;
				CLANG_WARN_UNREACHABLE_CODE = YES;
				CLANG_WARN__DUPLICATE_METHOD_MATCH = YES;
				COPY_PHASE_STRIP = NO;
				DEBUG_INFORMATION_FORMAT = dwarf;
				ENABLE_STRICT_OBJC_MSGSEND = YES;
				ENABLE_TESTABILITY = YES;
				GCC_C_LANGUAGE_STANDARD = gnu11;
				GCC_DYNAMIC_NO_PIC = NO;
				GCC_NO_COMMON_BLOCKS = YES;
				GCC_OPTIMIZATION_LEVEL = 0;
				GCC_PREPROCESSOR_DEFINITIONS = (
					"DEBUG=1",
					"$(inherited)",
				);
				GCC_WARN_64_TO_32_BIT_CONVERSION = YES;
				GCC_WARN_ABOUT_RETURN_TYPE = YES_ERROR;
				GCC_WARN_UNDECLARED_SELECTOR = YES;
				GCC_WARN_UNINITIALIZED_AUTOS = YES_AGGRESSIVE;
				GCC_WARN_UNUSED_FUNCTION = YES;
				GCC_WARN_UNUSED_VARIABLE = YES;
				IPHONEOS_DEPLOYMENT_TARGET = 13.2;
				MTL_ENABLE_DEBUG_INFO = INCLUDE_SOURCE;
				MTL_FAST_MATH = YES;
				ONLY_ACTIVE_ARCH = YES;
				SDKROOT = iphoneos;
				SWIFT_ACTIVE_COMPILATION_CONDITIONS = DEBUG;
				SWIFT_OPTIMIZATION_LEVEL = "-Onone";
			};
			name = Debug;
		};
		84595A312480E8C400852C66 /* Release */ = {
			isa = XCBuildConfiguration;
			buildSettings = {
				ALWAYS_SEARCH_USER_PATHS = NO;
				CLANG_ANALYZER_NONNULL = YES;
				CLANG_ANALYZER_NUMBER_OBJECT_CONVERSION = YES_AGGRESSIVE;
				CLANG_CXX_LANGUAGE_STANDARD = "gnu++14";
				CLANG_CXX_LIBRARY = "libc++";
				CLANG_ENABLE_MODULES = YES;
				CLANG_ENABLE_OBJC_ARC = YES;
				CLANG_ENABLE_OBJC_WEAK = YES;
				CLANG_WARN_BLOCK_CAPTURE_AUTORELEASING = YES;
				CLANG_WARN_BOOL_CONVERSION = YES;
				CLANG_WARN_COMMA = YES;
				CLANG_WARN_CONSTANT_CONVERSION = YES;
				CLANG_WARN_DEPRECATED_OBJC_IMPLEMENTATIONS = YES;
				CLANG_WARN_DIRECT_OBJC_ISA_USAGE = YES_ERROR;
				CLANG_WARN_DOCUMENTATION_COMMENTS = YES;
				CLANG_WARN_EMPTY_BODY = YES;
				CLANG_WARN_ENUM_CONVERSION = YES;
				CLANG_WARN_INFINITE_RECURSION = YES;
				CLANG_WARN_INT_CONVERSION = YES;
				CLANG_WARN_NON_LITERAL_NULL_CONVERSION = YES;
				CLANG_WARN_OBJC_IMPLICIT_RETAIN_SELF = YES;
				CLANG_WARN_OBJC_LITERAL_CONVERSION = YES;
				CLANG_WARN_OBJC_ROOT_CLASS = YES_ERROR;
				CLANG_WARN_RANGE_LOOP_ANALYSIS = YES;
				CLANG_WARN_STRICT_PROTOTYPES = YES;
				CLANG_WARN_SUSPICIOUS_MOVE = YES;
				CLANG_WARN_UNGUARDED_AVAILABILITY = YES_AGGRESSIVE;
				CLANG_WARN_UNREACHABLE_CODE = YES;
				CLANG_WARN__DUPLICATE_METHOD_MATCH = YES;
				COPY_PHASE_STRIP = NO;
				DEBUG_INFORMATION_FORMAT = "dwarf-with-dsym";
				ENABLE_NS_ASSERTIONS = NO;
				ENABLE_STRICT_OBJC_MSGSEND = YES;
				GCC_C_LANGUAGE_STANDARD = gnu11;
				GCC_NO_COMMON_BLOCKS = YES;
				GCC_WARN_64_TO_32_BIT_CONVERSION = YES;
				GCC_WARN_ABOUT_RETURN_TYPE = YES_ERROR;
				GCC_WARN_UNDECLARED_SELECTOR = YES;
				GCC_WARN_UNINITIALIZED_AUTOS = YES_AGGRESSIVE;
				GCC_WARN_UNUSED_FUNCTION = YES;
				GCC_WARN_UNUSED_VARIABLE = YES;
				IPHONEOS_DEPLOYMENT_TARGET = 13.2;
				MTL_ENABLE_DEBUG_INFO = NO;
				MTL_FAST_MATH = YES;
				SDKROOT = iphoneos;
				SWIFT_COMPILATION_MODE = wholemodule;
				SWIFT_OPTIMIZATION_LEVEL = "-O";
				VALIDATE_PRODUCT = YES;
			};
			name = Release;
		};
		84595A332480E8C400852C66 /* Debug */ = {
			isa = XCBuildConfiguration;
			buildSettings = {
				ASSETCATALOG_COMPILER_APPICON_NAME = AppIcon;
				CODE_SIGN_STYLE = Automatic;
				INFOPLIST_FILE = tinderClone/Info.plist;
				LD_RUNPATH_SEARCH_PATHS = (
					"$(inherited)",
					"@executable_path/Frameworks",
				);
				PRODUCT_BUNDLE_IDENTIFIER = nishant.tinderClone;
				PRODUCT_NAME = "$(TARGET_NAME)";
				SWIFT_VERSION = 5.0;
				TARGETED_DEVICE_FAMILY = "1,2";
			};
			name = Debug;
		};
		84595A342480E8C400852C66 /* Release */ = {
			isa = XCBuildConfiguration;
			buildSettings = {
				ASSETCATALOG_COMPILER_APPICON_NAME = AppIcon;
				CODE_SIGN_STYLE = Automatic;
				INFOPLIST_FILE = tinderClone/Info.plist;
				LD_RUNPATH_SEARCH_PATHS = (
					"$(inherited)",
					"@executable_path/Frameworks",
				);
				PRODUCT_BUNDLE_IDENTIFIER = nishant.tinderClone;
				PRODUCT_NAME = "$(TARGET_NAME)";
				SWIFT_VERSION = 5.0;
				TARGETED_DEVICE_FAMILY = "1,2";
			};
			name = Release;
		};
/* End XCBuildConfiguration section */

/* Begin XCConfigurationList section */
		84595A162480E8C200852C66 /* Build configuration list for PBXProject "tinderClone" */ = {
			isa = XCConfigurationList;
			buildConfigurations = (
				84595A302480E8C400852C66 /* Debug */,
				84595A312480E8C400852C66 /* Release */,
			);
			defaultConfigurationIsVisible = 0;
			defaultConfigurationName = Release;
		};
		84595A322480E8C400852C66 /* Build configuration list for PBXNativeTarget "tinderClone" */ = {
			isa = XCConfigurationList;
			buildConfigurations = (
				84595A332480E8C400852C66 /* Debug */,
				84595A342480E8C400852C66 /* Release */,
			);
			defaultConfigurationIsVisible = 0;
			defaultConfigurationName = Release;
		};
/* End XCConfigurationList section */

/* Begin XCVersionGroup section */
		84595A272480E8C200852C66 /* tinderClone.xcdatamodeld */ = {
			isa = XCVersionGroup;
			children = (
				84595A282480E8C200852C66 /* tinderClone.xcdatamodel */,
			);
			currentVersion = 84595A282480E8C200852C66 /* tinderClone.xcdatamodel */;
			path = tinderClone.xcdatamodeld;
			sourceTree = "<group>";
			versionGroupType = wrapper.xcdatamodel;
		};
/* End XCVersionGroup section */
	};
	rootObject = 84595A132480E8C200852C66 /* Project object */;
}
